// !$*UTF8*$!
{
	archiveVersion = 1;
	classes = {
	};
	objectVersion = 55;
	objects = {

/* Begin PBXBuildFile section */
		DBCFF115268268CF00C8658E /* AppDelegate.swift in Sources */ = {isa = PBXBuildFile; fileRef = DBCFF114268268CF00C8658E /* AppDelegate.swift */; };
		DBCFF117268268CF00C8658E /* SceneDelegate.swift in Sources */ = {isa = PBXBuildFile; fileRef = DBCFF116268268CF00C8658E /* SceneDelegate.swift */; };
		DBCFF119268268CF00C8658E /* ViewController.swift in Sources */ = {isa = PBXBuildFile; fileRef = DBCFF118268268CF00C8658E /* ViewController.swift */; };
		DBCFF11C268268CF00C8658E /* Main.storyboard in Resources */ = {isa = PBXBuildFile; fileRef = DBCFF11A268268CF00C8658E /* Main.storyboard */; };
		DBCFF11E268268D000C8658E /* Assets.xcassets in Resources */ = {isa = PBXBuildFile; fileRef = DBCFF11D268268D000C8658E /* Assets.xcassets */; };
		DBCFF121268268D000C8658E /* LaunchScreen.storyboard in Resources */ = {isa = PBXBuildFile; fileRef = DBCFF11F268268D000C8658E /* LaunchScreen.storyboard */; };
		DBCFF12C268268D100C8658E /* iOS_ExampleTests.swift in Sources */ = {isa = PBXBuildFile; fileRef = DBCFF12B268268D100C8658E /* iOS_ExampleTests.swift */; };
		DBCFF136268268D100C8658E /* iOS_ExampleUITests.swift in Sources */ = {isa = PBXBuildFile; fileRef = DBCFF135268268D100C8658E /* iOS_ExampleUITests.swift */; };
		DBCFF1452682691B00C8658E /* FPSIndicator in Frameworks */ = {isa = PBXBuildFile; productRef = DBCFF1442682691B00C8658E /* FPSIndicator */; };
/* End PBXBuildFile section */

/* Begin PBXContainerItemProxy section */
		DBCFF128268268D100C8658E /* PBXContainerItemProxy */ = {
			isa = PBXContainerItemProxy;
			containerPortal = DBCFF109268268CF00C8658E /* Project object */;
			proxyType = 1;
			remoteGlobalIDString = DBCFF110268268CF00C8658E;
			remoteInfo = "iOS Example";
		};
		DBCFF132268268D100C8658E /* PBXContainerItemProxy */ = {
			isa = PBXContainerItemProxy;
			containerPortal = DBCFF109268268CF00C8658E /* Project object */;
			proxyType = 1;
			remoteGlobalIDString = DBCFF110268268CF00C8658E;
			remoteInfo = "iOS Example";
		};
/* End PBXContainerItemProxy section */

/* Begin PBXFileReference section */
		DBCFF111268268CF00C8658E /* iOS Example.app */ = {isa = PBXFileReference; explicitFileType = wrapper.application; includeInIndex = 0; path = "iOS Example.app"; sourceTree = BUILT_PRODUCTS_DIR; };
		DBCFF114268268CF00C8658E /* AppDelegate.swift */ = {isa = PBXFileReference; lastKnownFileType = sourcecode.swift; path = AppDelegate.swift; sourceTree = "<group>"; };
		DBCFF116268268CF00C8658E /* SceneDelegate.swift */ = {isa = PBXFileReference; lastKnownFileType = sourcecode.swift; path = SceneDelegate.swift; sourceTree = "<group>"; };
		DBCFF118268268CF00C8658E /* ViewController.swift */ = {isa = PBXFileReference; lastKnownFileType = sourcecode.swift; path = ViewController.swift; sourceTree = "<group>"; };
		DBCFF11B268268CF00C8658E /* Base */ = {isa = PBXFileReference; lastKnownFileType = file.storyboard; name = Base; path = Base.lproj/Main.storyboard; sourceTree = "<group>"; };
		DBCFF11D268268D000C8658E /* Assets.xcassets */ = {isa = PBXFileReference; lastKnownFileType = folder.assetcatalog; path = Assets.xcassets; sourceTree = "<group>"; };
		DBCFF120268268D000C8658E /* Base */ = {isa = PBXFileReference; lastKnownFileType = file.storyboard; name = Base; path = Base.lproj/LaunchScreen.storyboard; sourceTree = "<group>"; };
		DBCFF122268268D000C8658E /* Info.plist */ = {isa = PBXFileReference; lastKnownFileType = text.plist.xml; path = Info.plist; sourceTree = "<group>"; };
		DBCFF127268268D100C8658E /* iOS ExampleTests.xctest */ = {isa = PBXFileReference; explicitFileType = wrapper.cfbundle; includeInIndex = 0; path = "iOS ExampleTests.xctest"; sourceTree = BUILT_PRODUCTS_DIR; };
		DBCFF12B268268D100C8658E /* iOS_ExampleTests.swift */ = {isa = PBXFileReference; lastKnownFileType = sourcecode.swift; path = iOS_ExampleTests.swift; sourceTree = "<group>"; };
		DBCFF131268268D100C8658E /* iOS ExampleUITests.xctest */ = {isa = PBXFileReference; explicitFileType = wrapper.cfbundle; includeInIndex = 0; path = "iOS ExampleUITests.xctest"; sourceTree = BUILT_PRODUCTS_DIR; };
		DBCFF135268268D100C8658E /* iOS_ExampleUITests.swift */ = {isa = PBXFileReference; lastKnownFileType = sourcecode.swift; path = iOS_ExampleUITests.swift; sourceTree = "<group>"; };
		DBCFF1422682691200C8658E /* FPSIndicator */ = {isa = PBXFileReference; lastKnownFileType = folder; name = FPSIndicator; path = ..; sourceTree = "<group>"; };
/* End PBXFileReference section */

/* Begin PBXFrameworksBuildPhase section */
		DBCFF10E268268CF00C8658E /* Frameworks */ = {
			isa = PBXFrameworksBuildPhase;
			buildActionMask = 2147483647;
			files = (
				DBCFF1452682691B00C8658E /* FPSIndicator in Frameworks */,
			);
			runOnlyForDeploymentPostprocessing = 0;
		};
		DBCFF124268268D100C8658E /* Frameworks */ = {
			isa = PBXFrameworksBuildPhase;
			buildActionMask = 2147483647;
			files = (
			);
			runOnlyForDeploymentPostprocessing = 0;
		};
		DBCFF12E268268D100C8658E /* Frameworks */ = {
			isa = PBXFrameworksBuildPhase;
			buildActionMask = 2147483647;
			files = (
			);
			runOnlyForDeploymentPostprocessing = 0;
		};
/* End PBXFrameworksBuildPhase section */

/* Begin PBXGroup section */
		DBCFF108268268CF00C8658E = {
			isa = PBXGroup;
			children = (
				DBCFF1422682691200C8658E /* FPSIndicator */,
				DBCFF113268268CF00C8658E /* iOS Example */,
				DBCFF12A268268D100C8658E /* iOS ExampleTests */,
				DBCFF134268268D100C8658E /* iOS ExampleUITests */,
				DBCFF112268268CF00C8658E /* Products */,
				DBCFF1432682691B00C8658E /* Frameworks */,
			);
			sourceTree = "<group>";
		};
		DBCFF112268268CF00C8658E /* Products */ = {
			isa = PBXGroup;
			children = (
				DBCFF111268268CF00C8658E /* iOS Example.app */,
				DBCFF127268268D100C8658E /* iOS ExampleTests.xctest */,
				DBCFF131268268D100C8658E /* iOS ExampleUITests.xctest */,
			);
			name = Products;
			sourceTree = "<group>";
		};
		DBCFF113268268CF00C8658E /* iOS Example */ = {
			isa = PBXGroup;
			children = (
				DBCFF114268268CF00C8658E /* AppDelegate.swift */,
				DBCFF116268268CF00C8658E /* SceneDelegate.swift */,
				DBCFF118268268CF00C8658E /* ViewController.swift */,
				DBCFF11A268268CF00C8658E /* Main.storyboard */,
				DBCFF11D268268D000C8658E /* Assets.xcassets */,
				DBCFF11F268268D000C8658E /* LaunchScreen.storyboard */,
				DBCFF122268268D000C8658E /* Info.plist */,
			);
			path = "iOS Example";
			sourceTree = "<group>";
		};
		DBCFF12A268268D100C8658E /* iOS ExampleTests */ = {
			isa = PBXGroup;
			children = (
				DBCFF12B268268D100C8658E /* iOS_ExampleTests.swift */,
			);
			path = "iOS ExampleTests";
			sourceTree = "<group>";
		};
		DBCFF134268268D100C8658E /* iOS ExampleUITests */ = {
			isa = PBXGroup;
			children = (
				DBCFF135268268D100C8658E /* iOS_ExampleUITests.swift */,
			);
			path = "iOS ExampleUITests";
			sourceTree = "<group>";
		};
		DBCFF1432682691B00C8658E /* Frameworks */ = {
			isa = PBXGroup;
			children = (
			);
			name = Frameworks;
			sourceTree = "<group>";
		};
/* End PBXGroup section */

/* Begin PBXNativeTarget section */
		DBCFF110268268CF00C8658E /* iOS Example */ = {
			isa = PBXNativeTarget;
			buildConfigurationList = DBCFF139268268D100C8658E /* Build configuration list for PBXNativeTarget "iOS Example" */;
			buildPhases = (
				DBCFF10D268268CF00C8658E /* Sources */,
				DBCFF10E268268CF00C8658E /* Frameworks */,
				DBCFF10F268268CF00C8658E /* Resources */,
			);
			buildRules = (
			);
			dependencies = (
			);
			name = "iOS Example";
			packageProductDependencies = (
				DBCFF1442682691B00C8658E /* FPSIndicator */,
			);
			productName = "iOS Example";
			productReference = DBCFF111268268CF00C8658E /* iOS Example.app */;
			productType = "com.apple.product-type.application";
		};
		DBCFF126268268D100C8658E /* iOS ExampleTests */ = {
			isa = PBXNativeTarget;
			buildConfigurationList = DBCFF13C268268D100C8658E /* Build configuration list for PBXNativeTarget "iOS ExampleTests" */;
			buildPhases = (
				DBCFF123268268D100C8658E /* Sources */,
				DBCFF124268268D100C8658E /* Frameworks */,
				DBCFF125268268D100C8658E /* Resources */,
			);
			buildRules = (
			);
			dependencies = (
				DBCFF129268268D100C8658E /* PBXTargetDependency */,
			);
			name = "iOS ExampleTests";
			productName = "iOS ExampleTests";
			productReference = DBCFF127268268D100C8658E /* iOS ExampleTests.xctest */;
			productType = "com.apple.product-type.bundle.unit-test";
		};
		DBCFF130268268D100C8658E /* iOS ExampleUITests */ = {
			isa = PBXNativeTarget;
			buildConfigurationList = DBCFF13F268268D100C8658E /* Build configuration list for PBXNativeTarget "iOS ExampleUITests" */;
			buildPhases = (
				DBCFF12D268268D100C8658E /* Sources */,
				DBCFF12E268268D100C8658E /* Frameworks */,
				DBCFF12F268268D100C8658E /* Resources */,
			);
			buildRules = (
			);
			dependencies = (
				DBCFF133268268D100C8658E /* PBXTargetDependency */,
			);
			name = "iOS ExampleUITests";
			productName = "iOS ExampleUITests";
			productReference = DBCFF131268268D100C8658E /* iOS ExampleUITests.xctest */;
			productType = "com.apple.product-type.bundle.ui-testing";
		};
/* End PBXNativeTarget section */

/* Begin PBXProject section */
		DBCFF109268268CF00C8658E /* Project object */ = {
			isa = PBXProject;
			attributes = {
				BuildIndependentTargetsInParallel = 1;
				LastSwiftUpdateCheck = 1300;
				LastUpgradeCheck = 1300;
				TargetAttributes = {
					DBCFF110268268CF00C8658E = {
						CreatedOnToolsVersion = 13.0;
					};
					DBCFF126268268D100C8658E = {
						CreatedOnToolsVersion = 13.0;
						TestTargetID = DBCFF110268268CF00C8658E;
					};
					DBCFF130268268D100C8658E = {
						CreatedOnToolsVersion = 13.0;
						TestTargetID = DBCFF110268268CF00C8658E;
					};
				};
			};
			buildConfigurationList = DBCFF10C268268CF00C8658E /* Build configuration list for PBXProject "iOS Example" */;
			compatibilityVersion = "Xcode 13.0";
			developmentRegion = en;
			hasScannedForEncodings = 0;
			knownRegions = (
				en,
				Base,
			);
			mainGroup = DBCFF108268268CF00C8658E;
			productRefGroup = DBCFF112268268CF00C8658E /* Products */;
			projectDirPath = "";
			projectRoot = "";
			targets = (
				DBCFF110268268CF00C8658E /* iOS Example */,
				DBCFF126268268D100C8658E /* iOS ExampleTests */,
				DBCFF130268268D100C8658E /* iOS ExampleUITests */,
			);
		};
/* End PBXProject section */

/* Begin PBXResourcesBuildPhase section */
		DBCFF10F268268CF00C8658E /* Resources */ = {
			isa = PBXResourcesBuildPhase;
			buildActionMask = 2147483647;
			files = (
				DBCFF121268268D000C8658E /* LaunchScreen.storyboard in Resources */,
				DBCFF11E268268D000C8658E /* Assets.xcassets in Resources */,
				DBCFF11C268268CF00C8658E /* Main.storyboard in Resources */,
			);
			runOnlyForDeploymentPostprocessing = 0;
		};
		DBCFF125268268D100C8658E /* Resources */ = {
			isa = PBXResourcesBuildPhase;
			buildActionMask = 2147483647;
			files = (
			);
			runOnlyForDeploymentPostprocessing = 0;
		};
		DBCFF12F268268D100C8658E /* Resources */ = {
			isa = PBXResourcesBuildPhase;
			buildActionMask = 2147483647;
			files = (
			);
			runOnlyForDeploymentPostprocessing = 0;
		};
/* End PBXResourcesBuildPhase section */

/* Begin PBXSourcesBuildPhase section */
		DBCFF10D268268CF00C8658E /* Sources */ = {
			isa = PBXSourcesBuildPhase;
			buildActionMask = 2147483647;
			files = (
				DBCFF119268268CF00C8658E /* ViewController.swift in Sources */,
				DBCFF115268268CF00C8658E /* AppDelegate.swift in Sources */,
				DBCFF117268268CF00C8658E /* SceneDelegate.swift in Sources */,
			);
			runOnlyForDeploymentPostprocessing = 0;
		};
		DBCFF123268268D100C8658E /* Sources */ = {
			isa = PBXSourcesBuildPhase;
			buildActionMask = 2147483647;
			files = (
				DBCFF12C268268D100C8658E /* iOS_ExampleTests.swift in Sources */,
			);
			runOnlyForDeploymentPostprocessing = 0;
		};
		DBCFF12D268268D100C8658E /* Sources */ = {
			isa = PBXSourcesBuildPhase;
			buildActionMask = 2147483647;
			files = (
				DBCFF136268268D100C8658E /* iOS_ExampleUITests.swift in Sources */,
			);
			runOnlyForDeploymentPostprocessing = 0;
		};
/* End PBXSourcesBuildPhase section */

/* Begin PBXTargetDependency section */
		DBCFF129268268D100C8658E /* PBXTargetDependency */ = {
			isa = PBXTargetDependency;
			target = DBCFF110268268CF00C8658E /* iOS Example */;
			targetProxy = DBCFF128268268D100C8658E /* PBXContainerItemProxy */;
		};
		DBCFF133268268D100C8658E /* PBXTargetDependency */ = {
			isa = PBXTargetDependency;
			target = DBCFF110268268CF00C8658E /* iOS Example */;
			targetProxy = DBCFF132268268D100C8658E /* PBXContainerItemProxy */;
		};
/* End PBXTargetDependency section */

/* Begin PBXVariantGroup section */
		DBCFF11A268268CF00C8658E /* Main.storyboard */ = {
			isa = PBXVariantGroup;
			children = (
				DBCFF11B268268CF00C8658E /* Base */,
			);
			name = Main.storyboard;
			sourceTree = "<group>";
		};
		DBCFF11F268268D000C8658E /* LaunchScreen.storyboard */ = {
			isa = PBXVariantGroup;
			children = (
				DBCFF120268268D000C8658E /* Base */,
			);
			name = LaunchScreen.storyboard;
			sourceTree = "<group>";
		};
/* End PBXVariantGroup section */

/* Begin XCBuildConfiguration section */
		DBCFF137268268D100C8658E /* Debug */ = {
			isa = XCBuildConfiguration;
			buildSettings = {
				ALWAYS_SEARCH_USER_PATHS = NO;
				CLANG_ANALYZER_NONNULL = YES;
				CLANG_ANALYZER_NUMBER_OBJECT_CONVERSION = YES_AGGRESSIVE;
				CLANG_CXX_LANGUAGE_STANDARD = "gnu++14";
				CLANG_CXX_LIBRARY = "libc++";
				CLANG_ENABLE_MODULES = YES;
				CLANG_ENABLE_OBJC_ARC = YES;
				CLANG_ENABLE_OBJC_WEAK = YES;
				CLANG_WARN_BLOCK_CAPTURE_AUTORELEASING = YES;
				CLANG_WARN_BOOL_CONVERSION = YES;
				CLANG_WARN_COMMA = YES;
				CLANG_WARN_CONSTANT_CONVERSION = YES;
				CLANG_WARN_DEPRECATED_OBJC_IMPLEMENTATIONS = YES;
				CLANG_WARN_DIRECT_OBJC_ISA_USAGE = YES_ERROR;
				CLANG_WARN_DOCUMENTATION_COMMENTS = YES;
				CLANG_WARN_EMPTY_BODY = YES;
				CLANG_WARN_ENUM_CONVERSION = YES;
				CLANG_WARN_INFINITE_RECURSION = YES;
				CLANG_WARN_INT_CONVERSION = YES;
				CLANG_WARN_NON_LITERAL_NULL_CONVERSION = YES;
				CLANG_WARN_OBJC_IMPLICIT_RETAIN_SELF = YES;
				CLANG_WARN_OBJC_LITERAL_CONVERSION = YES;
				CLANG_WARN_OBJC_ROOT_CLASS = YES_ERROR;
				CLANG_WARN_QUOTED_INCLUDE_IN_FRAMEWORK_HEADER = YES;
				CLANG_WARN_RANGE_LOOP_ANALYSIS = YES;
				CLANG_WARN_STRICT_PROTOTYPES = YES;
				CLANG_WARN_SUSPICIOUS_MOVE = YES;
				CLANG_WARN_UNGUARDED_AVAILABILITY = YES_AGGRESSIVE;
				CLANG_WARN_UNREACHABLE_CODE = YES;
				CLANG_WARN__DUPLICATE_METHOD_MATCH = YES;
				COPY_PHASE_STRIP = NO;
				DEBUG_INFORMATION_FORMAT = dwarf;
				ENABLE_STRICT_OBJC_MSGSEND = YES;
				ENABLE_TESTABILITY = YES;
				GCC_C_LANGUAGE_STANDARD = gnu11;
				GCC_DYNAMIC_NO_PIC = NO;
				GCC_NO_COMMON_BLOCKS = YES;
				GCC_OPTIMIZATION_LEVEL = 0;
				GCC_PREPROCESSOR_DEFINITIONS = (
					"DEBUG=1",
					"$(inherited)",
				);
				GCC_WARN_64_TO_32_BIT_CONVERSION = YES;
				GCC_WARN_ABOUT_RETURN_TYPE = YES_ERROR;
				GCC_WARN_UNDECLARED_SELECTOR = YES;
				GCC_WARN_UNINITIALIZED_AUTOS = YES_AGGRESSIVE;
				GCC_WARN_UNUSED_FUNCTION = YES;
				GCC_WARN_UNUSED_VARIABLE = YES;
				IPHONEOS_DEPLOYMENT_TARGET = 14.1;
				MTL_ENABLE_DEBUG_INFO = INCLUDE_SOURCE;
				MTL_FAST_MATH = YES;
				ONLY_ACTIVE_ARCH = YES;
				SDKROOT = iphoneos;
				SWIFT_ACTIVE_COMPILATION_CONDITIONS = DEBUG;
				SWIFT_OPTIMIZATION_LEVEL = "-Onone";
			};
			name = Debug;
		};
		DBCFF138268268D100C8658E /* Release */ = {
			isa = XCBuildConfiguration;
			buildSettings = {
				ALWAYS_SEARCH_USER_PATHS = NO;
				CLANG_ANALYZER_NONNULL = YES;
				CLANG_ANALYZER_NUMBER_OBJECT_CONVERSION = YES_AGGRESSIVE;
				CLANG_CXX_LANGUAGE_STANDARD = "gnu++14";
				CLANG_CXX_LIBRARY = "libc++";
				CLANG_ENABLE_MODULES = YES;
				CLANG_ENABLE_OBJC_ARC = YES;
				CLANG_ENABLE_OBJC_WEAK = YES;
				CLANG_WARN_BLOCK_CAPTURE_AUTORELEASING = YES;
				CLANG_WARN_BOOL_CONVERSION = YES;
				CLANG_WARN_COMMA = YES;
				CLANG_WARN_CONSTANT_CONVERSION = YES;
				CLANG_WARN_DEPRECATED_OBJC_IMPLEMENTATIONS = YES;
				CLANG_WARN_DIRECT_OBJC_ISA_USAGE = YES_ERROR;
				CLANG_WARN_DOCUMENTATION_COMMENTS = YES;
				CLANG_WARN_EMPTY_BODY = YES;
				CLANG_WARN_ENUM_CONVERSION = YES;
				CLANG_WARN_INFINITE_RECURSION = YES;
				CLANG_WARN_INT_CONVERSION = YES;
				CLANG_WARN_NON_LITERAL_NULL_CONVERSION = YES;
				CLANG_WARN_OBJC_IMPLICIT_RETAIN_SELF = YES;
				CLANG_WARN_OBJC_LITERAL_CONVERSION = YES;
				CLANG_WARN_OBJC_ROOT_CLASS = YES_ERROR;
				CLANG_WARN_QUOTED_INCLUDE_IN_FRAMEWORK_HEADER = YES;
				CLANG_WARN_RANGE_LOOP_ANALYSIS = YES;
				CLANG_WARN_STRICT_PROTOTYPES = YES;
				CLANG_WARN_SUSPICIOUS_MOVE = YES;
				CLANG_WARN_UNGUARDED_AVAILABILITY = YES_AGGRESSIVE;
				CLANG_WARN_UNREACHABLE_CODE = YES;
				CLANG_WARN__DUPLICATE_METHOD_MATCH = YES;
				COPY_PHASE_STRIP = NO;
				DEBUG_INFORMATION_FORMAT = "dwarf-with-dsym";
				ENABLE_NS_ASSERTIONS = NO;
				ENABLE_STRICT_OBJC_MSGSEND = YES;
				GCC_C_LANGUAGE_STANDARD = gnu11;
				GCC_NO_COMMON_BLOCKS = YES;
				GCC_WARN_64_TO_32_BIT_CONVERSION = YES;
				GCC_WARN_ABOUT_RETURN_TYPE = YES_ERROR;
				GCC_WARN_UNDECLARED_SELECTOR = YES;
				GCC_WARN_UNINITIALIZED_AUTOS = YES_AGGRESSIVE;
				GCC_WARN_UNUSED_FUNCTION = YES;
				GCC_WARN_UNUSED_VARIABLE = YES;
				IPHONEOS_DEPLOYMENT_TARGET = 14.1;
				MTL_ENABLE_DEBUG_INFO = NO;
				MTL_FAST_MATH = YES;
				SDKROOT = iphoneos;
				SWIFT_COMPILATION_MODE = wholemodule;
				SWIFT_OPTIMIZATION_LEVEL = "-O";
				VALIDATE_PRODUCT = YES;
			};
			name = Release;
		};
		DBCFF13A268268D100C8658E /* Debug */ = {
			isa = XCBuildConfiguration;
			buildSettings = {
				ASSETCATALOG_COMPILER_APPICON_NAME = AppIcon;
				ASSETCATALOG_COMPILER_GLOBAL_ACCENT_COLOR_NAME = AccentColor;
				CODE_SIGN_STYLE = Automatic;
				CURRENT_PROJECT_VERSION = 1;
				DEVELOPMENT_TEAM = A8K92XFF77;
				GENERATE_INFOPLIST_FILE = YES;
				INFOPLIST_FILE = "iOS Example/Info.plist";
				INFOPLIST_KEY_UIApplicationSupportsIndirectInputEvents = YES;
				INFOPLIST_KEY_UILaunchStoryboardName = LaunchScreen;
				INFOPLIST_KEY_UIMainStoryboardFile = Main;
				INFOPLIST_KEY_UISupportedInterfaceOrientations_iPad = "UIInterfaceOrientationPortrait UIInterfaceOrientationPortraitUpsideDown UIInterfaceOrientationLandscapeLeft UIInterfaceOrientationLandscapeRight";
				INFOPLIST_KEY_UISupportedInterfaceOrientations_iPhone = "UIInterfaceOrientationPortrait UIInterfaceOrientationLandscapeLeft UIInterfaceOrientationLandscapeRight";
				IPHONEOS_DEPLOYMENT_TARGET = 15.0;
				LD_RUNPATH_SEARCH_PATHS = (
					"$(inherited)",
					"@executable_path/Frameworks",
				);
				MARKETING_VERSION = 1.0;
				PRODUCT_BUNDLE_IDENTIFIER = "com.mainasuk.iOS-Example";
				PRODUCT_NAME = "$(TARGET_NAME)";
				SWIFT_EMIT_LOC_STRINGS = YES;
				SWIFT_VERSION = 5.0;
				TARGETED_DEVICE_FAMILY = "1,2";
			};
			name = Debug;
		};
		DBCFF13B268268D100C8658E /* Release */ = {
			isa = XCBuildConfiguration;
			buildSettings = {
				ASSETCATALOG_COMPILER_APPICON_NAME = AppIcon;
				ASSETCATALOG_COMPILER_GLOBAL_ACCENT_COLOR_NAME = AccentColor;
				CODE_SIGN_STYLE = Automatic;
				CURRENT_PROJECT_VERSION = 1;
				DEVELOPMENT_TEAM = A8K92XFF77;
				GENERATE_INFOPLIST_FILE = YES;
				INFOPLIST_FILE = "iOS Example/Info.plist";
				INFOPLIST_KEY_UIApplicationSupportsIndirectInputEvents = YES;
				INFOPLIST_KEY_UILaunchStoryboardName = LaunchScreen;
				INFOPLIST_KEY_UIMainStoryboardFile = Main;
				INFOPLIST_KEY_UISupportedInterfaceOrientations_iPad = "UIInterfaceOrientationPortrait UIInterfaceOrientationPortraitUpsideDown UIInterfaceOrientationLandscapeLeft UIInterfaceOrientationLandscapeRight";
				INFOPLIST_KEY_UISupportedInterfaceOrientations_iPhone = "UIInterfaceOrientationPortrait UIInterfaceOrientationLandscapeLeft UIInterfaceOrientationLandscapeRight";
				IPHONEOS_DEPLOYMENT_TARGET = 15.0;
				LD_RUNPATH_SEARCH_PATHS = (
					"$(inherited)",
					"@executable_path/Frameworks",
				);
				MARKETING_VERSION = 1.0;
				PRODUCT_BUNDLE_IDENTIFIER = "com.mainasuk.iOS-Example";
				PRODUCT_NAME = "$(TARGET_NAME)";
				SWIFT_EMIT_LOC_STRINGS = YES;
				SWIFT_VERSION = 5.0;
				TARGETED_DEVICE_FAMILY = "1,2";
			};
			name = Release;
		};
		DBCFF13D268268D100C8658E /* Debug */ = {
			isa = XCBuildConfiguration;
			buildSettings = {
				ALWAYS_EMBED_SWIFT_STANDARD_LIBRARIES = YES;
				BUNDLE_LOADER = "$(TEST_HOST)";
				CODE_SIGN_STYLE = Automatic;
				CURRENT_PROJECT_VERSION = 1;
				DEVELOPMENT_TEAM = A8K92XFF77;
				GENERATE_INFOPLIST_FILE = YES;
				IPHONEOS_DEPLOYMENT_TARGET = 15.0;
				LD_RUNPATH_SEARCH_PATHS = (
					"$(inherited)",
					"@executable_path/Frameworks",
					"@loader_path/Frameworks",
				);
				MARKETING_VERSION = 1.0;
				PRODUCT_BUNDLE_IDENTIFIER = "com.mainasuk.iOS-ExampleTests";
				PRODUCT_NAME = "$(TARGET_NAME)";
				SWIFT_EMIT_LOC_STRINGS = NO;
				SWIFT_VERSION = 5.0;
				TARGETED_DEVICE_FAMILY = "1,2";
				TEST_HOST = "$(BUILT_PRODUCTS_DIR)/iOS Example.app/iOS Example";
			};
			name = Debug;
		};
		DBCFF13E268268D100C8658E /* Release */ = {
			isa = XCBuildConfiguration;
			buildSettings = {
				ALWAYS_EMBED_SWIFT_STANDARD_LIBRARIES = YES;
				BUNDLE_LOADER = "$(TEST_HOST)";
				CODE_SIGN_STYLE = Automatic;
				CURRENT_PROJECT_VERSION = 1;
				DEVELOPMENT_TEAM = A8K92XFF77;
				GENERATE_INFOPLIST_FILE = YES;
				IPHONEOS_DEPLOYMENT_TARGET = 15.0;
				LD_RUNPATH_SEARCH_PATHS = (
					"$(inherited)",
					"@executable_path/Frameworks",
					"@loader_path/Frameworks",
				);
				MARKETING_VERSION = 1.0;
				PRODUCT_BUNDLE_IDENTIFIER = "com.mainasuk.iOS-ExampleTests";
				PRODUCT_NAME = "$(TARGET_NAME)";
				SWIFT_EMIT_LOC_STRINGS = NO;
				SWIFT_VERSION = 5.0;
				TARGETED_DEVICE_FAMILY = "1,2";
				TEST_HOST = "$(BUILT_PRODUCTS_DIR)/iOS Example.app/iOS Example";
			};
			name = Release;
		};
		DBCFF140268268D100C8658E /* Debug */ = {
			isa = XCBuildConfiguration;
			buildSettings = {
				ALWAYS_EMBED_SWIFT_STANDARD_LIBRARIES = YES;
				CODE_SIGN_STYLE = Automatic;
				CURRENT_PROJECT_VERSION = 1;
				DEVELOPMENT_TEAM = A8K92XFF77;
				GENERATE_INFOPLIST_FILE = YES;
				LD_RUNPATH_SEARCH_PATHS = (
					"$(inherited)",
					"@executable_path/Frameworks",
					"@loader_path/Frameworks",
				);
				MARKETING_VERSION = 1.0;
				PRODUCT_BUNDLE_IDENTIFIER = "com.mainasuk.iOS-ExampleUITests";
				PRODUCT_NAME = "$(TARGET_NAME)";
				SWIFT_EMIT_LOC_STRINGS = NO;
				SWIFT_VERSION = 5.0;
				TARGETED_DEVICE_FAMILY = "1,2";
				TEST_TARGET_NAME = "iOS Example";
			};
			name = Debug;
		};
		DBCFF141268268D100C8658E /* Release */ = {
			isa = XCBuildConfiguration;
			buildSettings = {
				ALWAYS_EMBED_SWIFT_STANDARD_LIBRARIES = YES;
				CODE_SIGN_STYLE = Automatic;
				CURRENT_PROJECT_VERSION = 1;
				DEVELOPMENT_TEAM = A8K92XFF77;
				GENERATE_INFOPLIST_FILE = YES;
				LD_RUNPATH_SEARCH_PATHS = (
					"$(inherited)",
					"@executable_path/Frameworks",
					"@loader_path/Frameworks",
				);
				MARKETING_VERSION = 1.0;
				PRODUCT_BUNDLE_IDENTIFIER = "com.mainasuk.iOS-ExampleUITests";
				PRODUCT_NAME = "$(TARGET_NAME)";
				SWIFT_EMIT_LOC_STRINGS = NO;
				SWIFT_VERSION = 5.0;
				TARGETED_DEVICE_FAMILY = "1,2";
				TEST_TARGET_NAME = "iOS Example";
			};
			name = Release;
		};
/* End XCBuildConfiguration section */

/* Begin XCConfigurationList section */
		DBCFF10C268268CF00C8658E /* Build configuration list for PBXProject "iOS Example" */ = {
			isa = XCConfigurationList;
			buildConfigurations = (
				DBCFF137268268D100C8658E /* Debug */,
				DBCFF138268268D100C8658E /* Release */,
			);
			defaultConfigurationIsVisible = 0;
			defaultConfigurationName = Release;
		};
		DBCFF139268268D100C8658E /* Build configuration list for PBXNativeTarget "iOS Example" */ = {
			isa = XCConfigurationList;
			buildConfigurations = (
				DBCFF13A268268D100C8658E /* Debug */,
				DBCFF13B268268D100C8658E /* Release */,
			);
			defaultConfigurationIsVisible = 0;
			defaultConfigurationName = Release;
		};
		DBCFF13C268268D100C8658E /* Build configuration list for PBXNativeTarget "iOS ExampleTests" */ = {
			isa = XCConfigurationList;
			buildConfigurations = (
				DBCFF13D268268D100C8658E /* Debug */,
				DBCFF13E268268D100C8658E /* Release */,
			);
			defaultConfigurationIsVisible = 0;
			defaultConfigurationName = Release;
		};
		DBCFF13F268268D100C8658E /* Build configuration list for PBXNativeTarget "iOS ExampleUITests" */ = {
			isa = XCConfigurationList;
			buildConfigurations = (
				DBCFF140268268D100C8658E /* Debug */,
				DBCFF141268268D100C8658E /* Release */,
			);
			defaultConfigurationIsVisible = 0;
			defaultConfigurationName = Release;
		};
/* End XCConfigurationList section */

/* Begin XCSwiftPackageProductDependency section */
		DBCFF1442682691B00C8658E /* FPSIndicator */ = {
			isa = XCSwiftPackageProductDependency;
			productName = FPSIndicator;
		};
/* End XCSwiftPackageProductDependency section */
	};
	rootObject = DBCFF109268268CF00C8658E /* Project object */;
}
